
Microsoft Visual Studio Solution File, Format Version 12.00
# Visual Studio Version 17
VisualStudioVersion = 17.7.34031.279
MinimumVisualStudioVersion = 10.0.40219.1
Project("{FAE04EC0-301F-11D3-BF4B-00C04F79EFBC}") = "GrpcServer", "GrpcServer\GrpcServer.csproj", "{EED5CC01-3E66-4834-A979-CF685743A9D3}"
EndProject
Project("{FAE04EC0-301F-11D3-BF4B-00C04F79EFBC}") = "GrpcClient", "GrpcClient\GrpcClient.csproj", "{B3616FF3-8356-4852-8D4B-5BAC1CD8177A}"
EndProject
Global
	GlobalSection(SolutionConfigurationPlatforms) = preSolution
		Debug|Any CPU = Debug|Any CPU
		Release|Any CPU = Release|Any CPU
	EndGlobalSection
	GlobalSection(ProjectConfigurationPlatforms) = postSolution
		{EED5CC01-3E66-4834-A979-CF685743A9D3}.Debug|Any CPU.ActiveCfg = Debug|Any CPU
		{EED5CC01-3E66-4834-A979-CF685743A9D3}.Debug|Any CPU.Build.0 = Debug|Any CPU
		{EED5CC01-3E66-4834-A979-CF685743A9D3}.Release|Any CPU.ActiveCfg = Release|Any CPU
		{EED5CC01-3E66-4834-A979-CF685743A9D3}.Release|Any CPU.Build.0 = Release|Any CPU
		{B3616FF3-8356-4852-8D4B-5BAC1CD8177A}.Debug|Any CPU.ActiveCfg = Debug|Any CPU
		{B3616FF3-8356-4852-8D4B-5BAC1CD8177A}.Debug|Any CPU.Build.0 = Debug|Any CPU
		{B3616FF3-8356-4852-8D4B-5BAC1CD8177A}.Release|Any CPU.ActiveCfg = Release|Any CPU
		{B3616FF3-8356-4852-8D4B-5BAC1CD8177A}.Release|Any CPU.Build.0 = Release|Any CPU
	EndGlobalSection
	GlobalSection(SolutionProperties) = preSolution
		HideSolutionNode = FALSE
	EndGlobalSection
	GlobalSection(ExtensibilityGlobals) = postSolution
		SolutionGuid = {AF984965-F92A-4FB6-BAAD-37ADDA800EF0}
	EndGlobalSection
EndGlobal
